
Microsoft Visual Studio Solution File, Format Version 12.00
# Visual Studio Version 16
VisualStudioVersion = 16.0.29911.84
MinimumVisualStudioVersion = 10.0.40219.1
Project("{2150E333-8FDC-42A3-9474-1A3956D46DE8}") = ".git", ".git", "{0B55D7F0-8B1A-4040-B063-B8C9014870B1}"
	ProjectSection(SolutionItems) = preProject
		..\.gitattributes = ..\.gitattributes
		..\.gitignore = ..\.gitignore
	EndProjectSection
EndProject
Project("{9A19103F-16F7-4668-BE54-9A1E7A4F7556}") = "Zeus.Storage", "Zeus.Storage\Zeus.Storage.csproj", "{D5B95751-4940-428F-8FE5-2153320AAA85}"
EndProject
Project("{2150E333-8FDC-42A3-9474-1A3956D46DE8}") = "Storage", "Storage", "{656173A1-3B53-4164-83AB-4B50B6436E7F}"
EndProject
Project("{9A19103F-16F7-4668-BE54-9A1E7A4F7556}") = "Zeus.Storage.Consul", "Zeus.Storage.Consul\Zeus.Storage.Consul.csproj", "{08764378-7555-4F2F-9E11-D3C5056C2378}"
EndProject
Project("{9A19103F-16F7-4668-BE54-9A1E7A4F7556}") = "Zeus", "Zeus\Zeus.csproj", "{E52CE258-0304-4B48-A4BD-3791C8B35147}"
EndProject
Project("{9A19103F-16F7-4668-BE54-9A1E7A4F7556}") = "Zeus.Storage.Faster", "Zeus.Storage.Faster\Zeus.Storage.Faster.csproj", "{9F317192-F0FD-4475-8D65-43E027027B1B}"
EndProject
Project("{9A19103F-16F7-4668-BE54-9A1E7A4F7556}") = "Zeus.Storage.Faster.Tests", "Zeus.Storage.Faster.Tests\Zeus.Storage.Faster.Tests.csproj", "{9280FAAE-CEDF-4B4F-BE83-8259F4F09682}"
EndProject
Project("{2150E333-8FDC-42A3-9474-1A3956D46DE8}") = "Transport", "Transport", "{CB3C77D4-482A-4AA2-8773-823E37B2FB35}"
EndProject
Project("{9A19103F-16F7-4668-BE54-9A1E7A4F7556}") = "Zeus.Transport", "Zeus.Transport\Zeus.Transport.csproj", "{BCF8DDBE-EC9C-4934-9E3D-6AE15F4A8C6E}"
EndProject
Project("{FAE04EC0-301F-11D3-BF4B-00C04F79EFBC}") = "Zeus.Transport.Kafka", "Zeus.Transport.Kafka\Zeus.Transport.Kafka.csproj", "{A2D71B01-6AA7-46E7-9E81-C38914A53F1D}"
EndProject
Global
	GlobalSection(SolutionConfigurationPlatforms) = preSolution
		Debug|Any CPU = Debug|Any CPU
		Release|Any CPU = Release|Any CPU
	EndGlobalSection
	GlobalSection(ProjectConfigurationPlatforms) = postSolution
		{D5B95751-4940-428F-8FE5-2153320AAA85}.Debug|Any CPU.ActiveCfg = Debug|Any CPU
		{D5B95751-4940-428F-8FE5-2153320AAA85}.Debug|Any CPU.Build.0 = Debug|Any CPU
		{D5B95751-4940-428F-8FE5-2153320AAA85}.Release|Any CPU.ActiveCfg = Release|Any CPU
		{D5B95751-4940-428F-8FE5-2153320AAA85}.Release|Any CPU.Build.0 = Release|Any CPU
		{08764378-7555-4F2F-9E11-D3C5056C2378}.Debug|Any CPU.ActiveCfg = Debug|Any CPU
		{08764378-7555-4F2F-9E11-D3C5056C2378}.Debug|Any CPU.Build.0 = Debug|Any CPU
		{08764378-7555-4F2F-9E11-D3C5056C2378}.Release|Any CPU.ActiveCfg = Release|Any CPU
		{08764378-7555-4F2F-9E11-D3C5056C2378}.Release|Any CPU.Build.0 = Release|Any CPU
		{E52CE258-0304-4B48-A4BD-3791C8B35147}.Debug|Any CPU.ActiveCfg = Debug|Any CPU
		{E52CE258-0304-4B48-A4BD-3791C8B35147}.Debug|Any CPU.Build.0 = Debug|Any CPU
		{E52CE258-0304-4B48-A4BD-3791C8B35147}.Release|Any CPU.ActiveCfg = Release|Any CPU
		{E52CE258-0304-4B48-A4BD-3791C8B35147}.Release|Any CPU.Build.0 = Release|Any CPU
		{9F317192-F0FD-4475-8D65-43E027027B1B}.Debug|Any CPU.ActiveCfg = Debug|Any CPU
		{9F317192-F0FD-4475-8D65-43E027027B1B}.Debug|Any CPU.Build.0 = Debug|Any CPU
		{9F317192-F0FD-4475-8D65-43E027027B1B}.Release|Any CPU.ActiveCfg = Release|Any CPU
		{9F317192-F0FD-4475-8D65-43E027027B1B}.Release|Any CPU.Build.0 = Release|Any CPU
		{9280FAAE-CEDF-4B4F-BE83-8259F4F09682}.Debug|Any CPU.ActiveCfg = Debug|Any CPU
		{9280FAAE-CEDF-4B4F-BE83-8259F4F09682}.Debug|Any CPU.Build.0 = Debug|Any CPU
		{9280FAAE-CEDF-4B4F-BE83-8259F4F09682}.Release|Any CPU.ActiveCfg = Release|Any CPU
		{9280FAAE-CEDF-4B4F-BE83-8259F4F09682}.Release|Any CPU.Build.0 = Release|Any CPU
		{BCF8DDBE-EC9C-4934-9E3D-6AE15F4A8C6E}.Debug|Any CPU.ActiveCfg = Debug|Any CPU
		{BCF8DDBE-EC9C-4934-9E3D-6AE15F4A8C6E}.Debug|Any CPU.Build.0 = Debug|Any CPU
		{BCF8DDBE-EC9C-4934-9E3D-6AE15F4A8C6E}.Release|Any CPU.ActiveCfg = Release|Any CPU
		{BCF8DDBE-EC9C-4934-9E3D-6AE15F4A8C6E}.Release|Any CPU.Build.0 = Release|Any CPU
		{A2D71B01-6AA7-46E7-9E81-C38914A53F1D}.Debug|Any CPU.ActiveCfg = Debug|Any CPU
		{A2D71B01-6AA7-46E7-9E81-C38914A53F1D}.Debug|Any CPU.Build.0 = Debug|Any CPU
		{A2D71B01-6AA7-46E7-9E81-C38914A53F1D}.Release|Any CPU.ActiveCfg = Release|Any CPU
		{A2D71B01-6AA7-46E7-9E81-C38914A53F1D}.Release|Any CPU.Build.0 = Release|Any CPU
	EndGlobalSection
	GlobalSection(SolutionProperties) = preSolution
		HideSolutionNode = FALSE
	EndGlobalSection
	GlobalSection(NestedProjects) = preSolution
		{D5B95751-4940-428F-8FE5-2153320AAA85} = {656173A1-3B53-4164-83AB-4B50B6436E7F}
		{08764378-7555-4F2F-9E11-D3C5056C2378} = {656173A1-3B53-4164-83AB-4B50B6436E7F}
		{9F317192-F0FD-4475-8D65-43E027027B1B} = {656173A1-3B53-4164-83AB-4B50B6436E7F}
		{9280FAAE-CEDF-4B4F-BE83-8259F4F09682} = {656173A1-3B53-4164-83AB-4B50B6436E7F}
		{BCF8DDBE-EC9C-4934-9E3D-6AE15F4A8C6E} = {CB3C77D4-482A-4AA2-8773-823E37B2FB35}
		{A2D71B01-6AA7-46E7-9E81-C38914A53F1D} = {CB3C77D4-482A-4AA2-8773-823E37B2FB35}
	EndGlobalSection
	GlobalSection(ExtensibilityGlobals) = postSolution
		SolutionGuid = {20CDE66B-47DB-4106-AA07-D4627F9B3373}
	EndGlobalSection
EndGlobal
